
Microsoft Visual Studio Solution File, Format Version 12.00
# Visual Studio 15
VisualStudioVersion = 15.0.27130.2036
MinimumVisualStudioVersion = 10.0.40219.1
Project("{FAE04EC0-301F-11D3-BF4B-00C04F79EFBC}") = "ReplayConverter", "ReplayConverter\ReplayConverter.csproj", "{F32D6FB6-49FE-4216-883C-4B09D1DEFCFC}"
EndProject
Global
	GlobalSection(SolutionConfigurationPlatforms) = preSolution
		Debug|Any CPU = Debug|Any CPU
		Release|Any CPU = Release|Any CPU
	EndGlobalSection
	GlobalSection(ProjectConfigurationPlatforms) = postSolution
		{F32D6FB6-49FE-4216-883C-4B09D1DEFCFC}.Debug|Any CPU.ActiveCfg = Debug|Any CPU
		{F32D6FB6-49FE-4216-883C-4B09D1DEFCFC}.Debug|Any CPU.Build.0 = Debug|Any CPU
		{F32D6FB6-49FE-4216-883C-4B09D1DEFCFC}.Release|Any CPU.ActiveCfg = Release|Any CPU
		{F32D6FB6-49FE-4216-883C-4B09D1DEFCFC}.Release|Any CPU.Build.0 = Release|Any CPU
	EndGlobalSection
	GlobalSection(SolutionProperties) = preSolution
		HideSolutionNode = FALSE
	EndGlobalSection
	GlobalSection(ExtensibilityGlobals) = postSolution
		SolutionGuid = {AB780401-C1CF-43D4-BC8E-E03F1EDB9DE7}
	EndGlobalSection
EndGlobal
